
Microsoft Visual Studio Solution File, Format Version 12.00
# Visual Studio 2013
VisualStudioVersion = 12.0.31101.0
MinimumVisualStudioVersion = 10.0.40219.1
Project("{F184B08F-C81C-45F6-A57F-5ABD9991F28F}") = "Cambio de temperatura", "Cambio de temperatura\Cambio de temperatura.vbproj", "{A6444427-AD96-4D92-858A-841A680443EB}"
EndProject
Global
	GlobalSection(SolutionConfigurationPlatforms) = preSolution
		Debug|Any CPU = Debug|Any CPU
		Release|Any CPU = Release|Any CPU
	EndGlobalSection
	GlobalSection(ProjectConfigurationPlatforms) = postSolution
		{A6444427-AD96-4D92-858A-841A680443EB}.Debug|Any CPU.ActiveCfg = Debug|Any CPU
		{A6444427-AD96-4D92-858A-841A680443EB}.Debug|Any CPU.Build.0 = Debug|Any CPU
		{A6444427-AD96-4D92-858A-841A680443EB}.Release|Any CPU.ActiveCfg = Release|Any CPU
		{A6444427-AD96-4D92-858A-841A680443EB}.Release|Any CPU.Build.0 = Release|Any CPU
	EndGlobalSection
	GlobalSection(SolutionProperties) = preSolution
		HideSolutionNode = FALSE
	EndGlobalSection
EndGlobal
